
Microsoft Visual Studio Solution File, Format Version 12.00
# Visual Studio Version 16
VisualStudioVersion = 16.0.29709.97
MinimumVisualStudioVersion = 10.0.40219.1
Project("{FAE04EC0-301F-11D3-BF4B-00C04F79EFBC}") = "UICompositionAnimations", "UICompositionAnimations\UICompositionAnimations.csproj", "{D92746C3-045E-44F8-90CE-0451EDB2D40E}"
EndProject
Project("{FAE04EC0-301F-11D3-BF4B-00C04F79EFBC}") = "FluentExtensions.UI.Animations", "src\FluentExtensions.UI.Animations\FluentExtensions.UI.Animations.csproj", "{56816D88-6184-4077-B2FA-F55CAAA21568}"
EndProject
Project("{FAE04EC0-301F-11D3-BF4B-00C04F79EFBC}") = "FluentExtensions.UI.Brushes", "src\FluentExtensions.UI.Brushes\FluentExtensions.UI.Brushes.csproj", "{71C5565C-4C35-485B-B959-68CC0D9A1E6F}"
EndProject
Project("{FAE04EC0-301F-11D3-BF4B-00C04F79EFBC}") = "FluentExtensions.UI", "src\FluentExtensions.UI\FluentExtensions.UI.csproj", "{4C334989-D4A3-4A56-B412-5387EEA76769}"
EndProject
Global
	GlobalSection(SolutionConfigurationPlatforms) = preSolution
		Debug|Any CPU = Debug|Any CPU
		Debug|ARM = Debug|ARM
		Debug|ARM64 = Debug|ARM64
		Debug|x64 = Debug|x64
		Debug|x86 = Debug|x86
		Release|Any CPU = Release|Any CPU
		Release|ARM = Release|ARM
		Release|ARM64 = Release|ARM64
		Release|x64 = Release|x64
		Release|x86 = Release|x86
	EndGlobalSection
	GlobalSection(ProjectConfigurationPlatforms) = postSolution
		{D92746C3-045E-44F8-90CE-0451EDB2D40E}.Debug|Any CPU.ActiveCfg = Debug|Any CPU
		{D92746C3-045E-44F8-90CE-0451EDB2D40E}.Debug|Any CPU.Build.0 = Debug|Any CPU
		{D92746C3-045E-44F8-90CE-0451EDB2D40E}.Debug|ARM.ActiveCfg = Debug|ARM
		{D92746C3-045E-44F8-90CE-0451EDB2D40E}.Debug|ARM.Build.0 = Debug|ARM
		{D92746C3-045E-44F8-90CE-0451EDB2D40E}.Debug|ARM64.ActiveCfg = Debug|Any CPU
		{D92746C3-045E-44F8-90CE-0451EDB2D40E}.Debug|ARM64.Build.0 = Debug|Any CPU
		{D92746C3-045E-44F8-90CE-0451EDB2D40E}.Debug|x64.ActiveCfg = Debug|x64
		{D92746C3-045E-44F8-90CE-0451EDB2D40E}.Debug|x64.Build.0 = Debug|x64
		{D92746C3-045E-44F8-90CE-0451EDB2D40E}.Debug|x86.ActiveCfg = Debug|x86
		{D92746C3-045E-44F8-90CE-0451EDB2D40E}.Debug|x86.Build.0 = Debug|x86
		{D92746C3-045E-44F8-90CE-0451EDB2D40E}.Release|Any CPU.ActiveCfg = Release|Any CPU
		{D92746C3-045E-44F8-90CE-0451EDB2D40E}.Release|Any CPU.Build.0 = Release|Any CPU
		{D92746C3-045E-44F8-90CE-0451EDB2D40E}.Release|ARM.ActiveCfg = Release|ARM
		{D92746C3-045E-44F8-90CE-0451EDB2D40E}.Release|ARM.Build.0 = Release|ARM
		{D92746C3-045E-44F8-90CE-0451EDB2D40E}.Release|ARM64.ActiveCfg = Release|Any CPU
		{D92746C3-045E-44F8-90CE-0451EDB2D40E}.Release|ARM64.Build.0 = Release|Any CPU
		{D92746C3-045E-44F8-90CE-0451EDB2D40E}.Release|x64.ActiveCfg = Release|x64
		{D92746C3-045E-44F8-90CE-0451EDB2D40E}.Release|x64.Build.0 = Release|x64
		{D92746C3-045E-44F8-90CE-0451EDB2D40E}.Release|x86.ActiveCfg = Release|x86
		{D92746C3-045E-44F8-90CE-0451EDB2D40E}.Release|x86.Build.0 = Release|x86
		{56816D88-6184-4077-B2FA-F55CAAA21568}.Debug|Any CPU.ActiveCfg = Debug|Any CPU
		{56816D88-6184-4077-B2FA-F55CAAA21568}.Debug|Any CPU.Build.0 = Debug|Any CPU
		{56816D88-6184-4077-B2FA-F55CAAA21568}.Debug|ARM.ActiveCfg = Debug|ARM
		{56816D88-6184-4077-B2FA-F55CAAA21568}.Debug|ARM.Build.0 = Debug|ARM
		{56816D88-6184-4077-B2FA-F55CAAA21568}.Debug|ARM64.ActiveCfg = Debug|ARM64
		{56816D88-6184-4077-B2FA-F55CAAA21568}.Debug|ARM64.Build.0 = Debug|ARM64
		{56816D88-6184-4077-B2FA-F55CAAA21568}.Debug|x64.ActiveCfg = Debug|x64
		{56816D88-6184-4077-B2FA-F55CAAA21568}.Debug|x64.Build.0 = Debug|x64
		{56816D88-6184-4077-B2FA-F55CAAA21568}.Debug|x86.ActiveCfg = Debug|x86
		{56816D88-6184-4077-B2FA-F55CAAA21568}.Debug|x86.Build.0 = Debug|x86
		{56816D88-6184-4077-B2FA-F55CAAA21568}.Release|Any CPU.ActiveCfg = Release|Any CPU
		{56816D88-6184-4077-B2FA-F55CAAA21568}.Release|Any CPU.Build.0 = Release|Any CPU
		{56816D88-6184-4077-B2FA-F55CAAA21568}.Release|ARM.ActiveCfg = Release|ARM
		{56816D88-6184-4077-B2FA-F55CAAA21568}.Release|ARM.Build.0 = Release|ARM
		{56816D88-6184-4077-B2FA-F55CAAA21568}.Release|ARM64.ActiveCfg = Release|ARM64
		{56816D88-6184-4077-B2FA-F55CAAA21568}.Release|ARM64.Build.0 = Release|ARM64
		{56816D88-6184-4077-B2FA-F55CAAA21568}.Release|x64.ActiveCfg = Release|x64
		{56816D88-6184-4077-B2FA-F55CAAA21568}.Release|x64.Build.0 = Release|x64
		{56816D88-6184-4077-B2FA-F55CAAA21568}.Release|x86.ActiveCfg = Release|x86
		{56816D88-6184-4077-B2FA-F55CAAA21568}.Release|x86.Build.0 = Release|x86
		{71C5565C-4C35-485B-B959-68CC0D9A1E6F}.Debug|Any CPU.ActiveCfg = Debug|Any CPU
		{71C5565C-4C35-485B-B959-68CC0D9A1E6F}.Debug|Any CPU.Build.0 = Debug|Any CPU
		{71C5565C-4C35-485B-B959-68CC0D9A1E6F}.Debug|ARM.ActiveCfg = Debug|ARM
		{71C5565C-4C35-485B-B959-68CC0D9A1E6F}.Debug|ARM.Build.0 = Debug|ARM
		{71C5565C-4C35-485B-B959-68CC0D9A1E6F}.Debug|ARM64.ActiveCfg = Debug|ARM64
		{71C5565C-4C35-485B-B959-68CC0D9A1E6F}.Debug|ARM64.Build.0 = Debug|ARM64
		{71C5565C-4C35-485B-B959-68CC0D9A1E6F}.Debug|x64.ActiveCfg = Debug|x64
		{71C5565C-4C35-485B-B959-68CC0D9A1E6F}.Debug|x64.Build.0 = Debug|x64
		{71C5565C-4C35-485B-B959-68CC0D9A1E6F}.Debug|x86.ActiveCfg = Debug|x86
		{71C5565C-4C35-485B-B959-68CC0D9A1E6F}.Debug|x86.Build.0 = Debug|x86
		{71C5565C-4C35-485B-B959-68CC0D9A1E6F}.Release|Any CPU.ActiveCfg = Release|Any CPU
		{71C5565C-4C35-485B-B959-68CC0D9A1E6F}.Release|Any CPU.Build.0 = Release|Any CPU
		{71C5565C-4C35-485B-B959-68CC0D9A1E6F}.Release|ARM.ActiveCfg = Release|ARM
		{71C5565C-4C35-485B-B959-68CC0D9A1E6F}.Release|ARM.Build.0 = Release|ARM
		{71C5565C-4C35-485B-B959-68CC0D9A1E6F}.Release|ARM64.ActiveCfg = Release|ARM64
		{71C5565C-4C35-485B-B959-68CC0D9A1E6F}.Release|ARM64.Build.0 = Release|ARM64
		{71C5565C-4C35-485B-B959-68CC0D9A1E6F}.Release|x64.ActiveCfg = Release|x64
		{71C5565C-4C35-485B-B959-68CC0D9A1E6F}.Release|x64.Build.0 = Release|x64
		{71C5565C-4C35-485B-B959-68CC0D9A1E6F}.Release|x86.ActiveCfg = Release|x86
		{71C5565C-4C35-485B-B959-68CC0D9A1E6F}.Release|x86.Build.0 = Release|x86
		{4C334989-D4A3-4A56-B412-5387EEA76769}.Debug|Any CPU.ActiveCfg = Debug|Any CPU
		{4C334989-D4A3-4A56-B412-5387EEA76769}.Debug|Any CPU.Build.0 = Debug|Any CPU
		{4C334989-D4A3-4A56-B412-5387EEA76769}.Debug|ARM.ActiveCfg = Debug|ARM
		{4C334989-D4A3-4A56-B412-5387EEA76769}.Debug|ARM.Build.0 = Debug|ARM
		{4C334989-D4A3-4A56-B412-5387EEA76769}.Debug|ARM64.ActiveCfg = Debug|ARM64
		{4C334989-D4A3-4A56-B412-5387EEA76769}.Debug|ARM64.Build.0 = Debug|ARM64
		{4C334989-D4A3-4A56-B412-5387EEA76769}.Debug|x64.ActiveCfg = Debug|x64
		{4C334989-D4A3-4A56-B412-5387EEA76769}.Debug|x64.Build.0 = Debug|x64
		{4C334989-D4A3-4A56-B412-5387EEA76769}.Debug|x86.ActiveCfg = Debug|x86
		{4C334989-D4A3-4A56-B412-5387EEA76769}.Debug|x86.Build.0 = Debug|x86
		{4C334989-D4A3-4A56-B412-5387EEA76769}.Release|Any CPU.ActiveCfg = Release|Any CPU
		{4C334989-D4A3-4A56-B412-5387EEA76769}.Release|Any CPU.Build.0 = Release|Any CPU
		{4C334989-D4A3-4A56-B412-5387EEA76769}.Release|ARM.ActiveCfg = Release|ARM
		{4C334989-D4A3-4A56-B412-5387EEA76769}.Release|ARM.Build.0 = Release|ARM
		{4C334989-D4A3-4A56-B412-5387EEA76769}.Release|ARM64.ActiveCfg = Release|ARM64
		{4C334989-D4A3-4A56-B412-5387EEA76769}.Release|ARM64.Build.0 = Release|ARM64
		{4C334989-D4A3-4A56-B412-5387EEA76769}.Release|x64.ActiveCfg = Release|x64
		{4C334989-D4A3-4A56-B412-5387EEA76769}.Release|x64.Build.0 = Release|x64
		{4C334989-D4A3-4A56-B412-5387EEA76769}.Release|x86.ActiveCfg = Release|x86
		{4C334989-D4A3-4A56-B412-5387EEA76769}.Release|x86.Build.0 = Release|x86
	EndGlobalSection
	GlobalSection(SolutionProperties) = preSolution
		HideSolutionNode = FALSE
	EndGlobalSection
	GlobalSection(ExtensibilityGlobals) = postSolution
		SolutionGuid = {316CDF64-C8BD-4D14-880B-BC0C8C061199}
	EndGlobalSection
EndGlobal
